
Microsoft Visual Studio Solution File, Format Version 12.00
# Visual Studio Version 17
VisualStudioVersion = 17.0.31903.59
MinimumVisualStudioVersion = 10.0.40219.1
Project("{9A19103F-16F7-4668-BE54-9A1E7A4F7556}") = "Algorithm", "Algorithm\Algorithm.csproj", "{5FCF5226-FA23-4071-A652-85FBCB64DCC8}"
EndProject
Project("{9A19103F-16F7-4668-BE54-9A1E7A4F7556}") = "Kata", "Kata\Kata.csproj", "{DFF858BF-F30E-4874-B86C-7E336B9AA5A7}"
EndProject
Project("{9A19103F-16F7-4668-BE54-9A1E7A4F7556}") = "AlgoExpert", "AlgoExpert\AlgoExpert.csproj", "{894D200E-5B94-4CAC-88E1-7DC7D1034CE0}"
EndProject
Project("{9A19103F-16F7-4668-BE54-9A1E7A4F7556}") = "Random", "Random\Random.csproj", "{87F9B2F1-7F43-4AC4-B40A-32F48A9985B1}"
EndProject
Project("{9A19103F-16F7-4668-BE54-9A1E7A4F7556}") = "LeetCode", "LeetCode\LeetCode.csproj", "{6EC23D12-B041-42A6-BE13-00DB980ABA5A}"
EndProject
Project("{2150E333-8FDC-42A3-9474-1A3956D46DE8}") = "ContactManager", "ContactManager", "{25279786-DA09-4E44-8DDF-8581C6D8BAAD}"
EndProject
Project("{2150E333-8FDC-42A3-9474-1A3956D46DE8}") = "ContactManager_Array", "ContactManager_Array", "{3590C282-994C-43A3-BE1B-99C2A9438D8C}"
EndProject
Project("{9A19103F-16F7-4668-BE54-9A1E7A4F7556}") = "cm_Array", "cm\cm_Array.csproj", "{32E14629-D5CE-4507-B4AC-096F8AF9825A}"
EndProject
Project("{9A19103F-16F7-4668-BE54-9A1E7A4F7556}") = "ContactManager_Array", "ContactManager_Array\ContactManager_Array.csproj", "{5B420364-ECD5-485D-BE1B-C85A99465E0E}"
EndProject
Project("{9A19103F-16F7-4668-BE54-9A1E7A4F7556}") = "ContactManagerTests_Array", "ContactManagerTests_Array\ContactManagerTests_Array.csproj", "{8F9FD0E0-06D8-4AA5-A34B-CF5596F5CD15}"
EndProject
Project("{2150E333-8FDC-42A3-9474-1A3956D46DE8}") = "ContactManager_BinaryTree", "ContactManager_BinaryTree", "{C36496E7-CCAB-468F-8C99-BB26741FEDFC}"
EndProject
Project("{FAE04EC0-301F-11D3-BF4B-00C04F79EFBC}") = "cm_BinaryTree", "cm_BinaryTree\cm_BinaryTree.csproj", "{A69BB6BB-0983-4C89-AAC1-82F1B0634EB5}"
EndProject
Project("{2150E333-8FDC-42A3-9474-1A3956D46DE8}") = "ADS1", "ADS1", "{E9E2E120-10BA-4894-93F5-391904C3F6CE}"
EndProject
Project("{2150E333-8FDC-42A3-9474-1A3956D46DE8}") = "DataStructures", "DataStructures", "{A0D95068-E6B3-4139-9ADF-16C993F6467B}"
EndProject
Project("{FAE04EC0-301F-11D3-BF4B-00C04F79EFBC}") = "DataStructures", "DataStructures\DataStructures.csproj", "{B1F457BA-D7B0-4895-84D3-B833F2BBD2C1}"
EndProject
Project("{FAE04EC0-301F-11D3-BF4B-00C04F79EFBC}") = "ContactManager_BinaryTree", "ContactManager_BinaryTree\ContactManager_BinaryTree.csproj", "{6F635D9E-9A9A-4055-8BAB-E9FDCD860AB6}"
EndProject
Project("{FAE04EC0-301F-11D3-BF4B-00C04F79EFBC}") = "ContactManagerTest_BinaryTree", "ContactManagerTest_BinaryTree\ContactManagerTest_BinaryTree.csproj", "{3A349037-6BDC-41E4-97B1-3B7F1AE8507A}"
EndProject
Global
	GlobalSection(SolutionConfigurationPlatforms) = preSolution
		Debug|Any CPU = Debug|Any CPU
		Release|Any CPU = Release|Any CPU
	EndGlobalSection
	GlobalSection(ProjectConfigurationPlatforms) = postSolution
		{5FCF5226-FA23-4071-A652-85FBCB64DCC8}.Debug|Any CPU.ActiveCfg = Debug|Any CPU
		{5FCF5226-FA23-4071-A652-85FBCB64DCC8}.Debug|Any CPU.Build.0 = Debug|Any CPU
		{5FCF5226-FA23-4071-A652-85FBCB64DCC8}.Release|Any CPU.ActiveCfg = Release|Any CPU
		{5FCF5226-FA23-4071-A652-85FBCB64DCC8}.Release|Any CPU.Build.0 = Release|Any CPU
		{DFF858BF-F30E-4874-B86C-7E336B9AA5A7}.Debug|Any CPU.ActiveCfg = Debug|Any CPU
		{DFF858BF-F30E-4874-B86C-7E336B9AA5A7}.Debug|Any CPU.Build.0 = Debug|Any CPU
		{DFF858BF-F30E-4874-B86C-7E336B9AA5A7}.Release|Any CPU.ActiveCfg = Release|Any CPU
		{DFF858BF-F30E-4874-B86C-7E336B9AA5A7}.Release|Any CPU.Build.0 = Release|Any CPU
		{894D200E-5B94-4CAC-88E1-7DC7D1034CE0}.Debug|Any CPU.ActiveCfg = Debug|Any CPU
		{894D200E-5B94-4CAC-88E1-7DC7D1034CE0}.Debug|Any CPU.Build.0 = Debug|Any CPU
		{894D200E-5B94-4CAC-88E1-7DC7D1034CE0}.Release|Any CPU.ActiveCfg = Release|Any CPU
		{894D200E-5B94-4CAC-88E1-7DC7D1034CE0}.Release|Any CPU.Build.0 = Release|Any CPU
		{87F9B2F1-7F43-4AC4-B40A-32F48A9985B1}.Debug|Any CPU.ActiveCfg = Debug|Any CPU
		{87F9B2F1-7F43-4AC4-B40A-32F48A9985B1}.Debug|Any CPU.Build.0 = Debug|Any CPU
		{87F9B2F1-7F43-4AC4-B40A-32F48A9985B1}.Release|Any CPU.ActiveCfg = Release|Any CPU
		{87F9B2F1-7F43-4AC4-B40A-32F48A9985B1}.Release|Any CPU.Build.0 = Release|Any CPU
		{6EC23D12-B041-42A6-BE13-00DB980ABA5A}.Debug|Any CPU.ActiveCfg = Debug|Any CPU
		{6EC23D12-B041-42A6-BE13-00DB980ABA5A}.Debug|Any CPU.Build.0 = Debug|Any CPU
		{6EC23D12-B041-42A6-BE13-00DB980ABA5A}.Release|Any CPU.ActiveCfg = Release|Any CPU
		{6EC23D12-B041-42A6-BE13-00DB980ABA5A}.Release|Any CPU.Build.0 = Release|Any CPU
		{32E14629-D5CE-4507-B4AC-096F8AF9825A}.Debug|Any CPU.ActiveCfg = Debug|Any CPU
		{32E14629-D5CE-4507-B4AC-096F8AF9825A}.Debug|Any CPU.Build.0 = Debug|Any CPU
		{32E14629-D5CE-4507-B4AC-096F8AF9825A}.Release|Any CPU.ActiveCfg = Release|Any CPU
		{32E14629-D5CE-4507-B4AC-096F8AF9825A}.Release|Any CPU.Build.0 = Release|Any CPU
		{5B420364-ECD5-485D-BE1B-C85A99465E0E}.Debug|Any CPU.ActiveCfg = Debug|Any CPU
		{5B420364-ECD5-485D-BE1B-C85A99465E0E}.Debug|Any CPU.Build.0 = Debug|Any CPU
		{5B420364-ECD5-485D-BE1B-C85A99465E0E}.Release|Any CPU.ActiveCfg = Release|Any CPU
		{5B420364-ECD5-485D-BE1B-C85A99465E0E}.Release|Any CPU.Build.0 = Release|Any CPU
		{8F9FD0E0-06D8-4AA5-A34B-CF5596F5CD15}.Debug|Any CPU.ActiveCfg = Debug|Any CPU
		{8F9FD0E0-06D8-4AA5-A34B-CF5596F5CD15}.Debug|Any CPU.Build.0 = Debug|Any CPU
		{8F9FD0E0-06D8-4AA5-A34B-CF5596F5CD15}.Release|Any CPU.ActiveCfg = Release|Any CPU
		{8F9FD0E0-06D8-4AA5-A34B-CF5596F5CD15}.Release|Any CPU.Build.0 = Release|Any CPU
		{A69BB6BB-0983-4C89-AAC1-82F1B0634EB5}.Debug|Any CPU.ActiveCfg = Debug|Any CPU
		{A69BB6BB-0983-4C89-AAC1-82F1B0634EB5}.Debug|Any CPU.Build.0 = Debug|Any CPU
		{A69BB6BB-0983-4C89-AAC1-82F1B0634EB5}.Release|Any CPU.ActiveCfg = Release|Any CPU
		{A69BB6BB-0983-4C89-AAC1-82F1B0634EB5}.Release|Any CPU.Build.0 = Release|Any CPU
		{B1F457BA-D7B0-4895-84D3-B833F2BBD2C1}.Debug|Any CPU.ActiveCfg = Debug|Any CPU
		{B1F457BA-D7B0-4895-84D3-B833F2BBD2C1}.Debug|Any CPU.Build.0 = Debug|Any CPU
		{B1F457BA-D7B0-4895-84D3-B833F2BBD2C1}.Release|Any CPU.ActiveCfg = Release|Any CPU
		{B1F457BA-D7B0-4895-84D3-B833F2BBD2C1}.Release|Any CPU.Build.0 = Release|Any CPU
		{6F635D9E-9A9A-4055-8BAB-E9FDCD860AB6}.Debug|Any CPU.ActiveCfg = Debug|Any CPU
		{6F635D9E-9A9A-4055-8BAB-E9FDCD860AB6}.Debug|Any CPU.Build.0 = Debug|Any CPU
		{6F635D9E-9A9A-4055-8BAB-E9FDCD860AB6}.Release|Any CPU.ActiveCfg = Release|Any CPU
		{6F635D9E-9A9A-4055-8BAB-E9FDCD860AB6}.Release|Any CPU.Build.0 = Release|Any CPU
		{3A349037-6BDC-41E4-97B1-3B7F1AE8507A}.Debug|Any CPU.ActiveCfg = Debug|Any CPU
		{3A349037-6BDC-41E4-97B1-3B7F1AE8507A}.Debug|Any CPU.Build.0 = Debug|Any CPU
		{3A349037-6BDC-41E4-97B1-3B7F1AE8507A}.Release|Any CPU.ActiveCfg = Release|Any CPU
		{3A349037-6BDC-41E4-97B1-3B7F1AE8507A}.Release|Any CPU.Build.0 = Release|Any CPU
	EndGlobalSection
	GlobalSection(SolutionProperties) = preSolution
		HideSolutionNode = FALSE
	EndGlobalSection
	GlobalSection(NestedProjects) = preSolution
		{25279786-DA09-4E44-8DDF-8581C6D8BAAD} = {E9E2E120-10BA-4894-93F5-391904C3F6CE}
		{3590C282-994C-43A3-BE1B-99C2A9438D8C} = {25279786-DA09-4E44-8DDF-8581C6D8BAAD}
		{32E14629-D5CE-4507-B4AC-096F8AF9825A} = {3590C282-994C-43A3-BE1B-99C2A9438D8C}
		{5B420364-ECD5-485D-BE1B-C85A99465E0E} = {3590C282-994C-43A3-BE1B-99C2A9438D8C}
		{8F9FD0E0-06D8-4AA5-A34B-CF5596F5CD15} = {3590C282-994C-43A3-BE1B-99C2A9438D8C}
		{C36496E7-CCAB-468F-8C99-BB26741FEDFC} = {25279786-DA09-4E44-8DDF-8581C6D8BAAD}
		{A69BB6BB-0983-4C89-AAC1-82F1B0634EB5} = {C36496E7-CCAB-468F-8C99-BB26741FEDFC}
		{A0D95068-E6B3-4139-9ADF-16C993F6467B} = {E9E2E120-10BA-4894-93F5-391904C3F6CE}
		{B1F457BA-D7B0-4895-84D3-B833F2BBD2C1} = {A0D95068-E6B3-4139-9ADF-16C993F6467B}
		{6F635D9E-9A9A-4055-8BAB-E9FDCD860AB6} = {C36496E7-CCAB-468F-8C99-BB26741FEDFC}
		{3A349037-6BDC-41E4-97B1-3B7F1AE8507A} = {C36496E7-CCAB-468F-8C99-BB26741FEDFC}
	EndGlobalSection
	GlobalSection(ExtensibilityGlobals) = postSolution
		SolutionGuid = {4F1577F1-A53D-4F62-8E41-78F25CEFF1AB}
	EndGlobalSection
EndGlobal
